# This file is generated by running "yarn install" inside your project.
# Manual changes might be lost - proceed with caution!

__metadata:
  version: 8
  cacheKey: 10c0

"@types/module-alias@npm:^2":
  version: 2.0.4
  resolution: "@types/module-alias@npm:2.0.4"
  checksum: 10c0/73e0993763526093d9e0993923e93a43186fac9b73e6ee6f785a34a79db6130468b2c9d9798c092ae5d50e8a2e6f7ab51a7f638ee7671037c15b5dde15dc5787
  languageName: node
  linkType: hard

"@types/node@npm:^24.2.1":
  version: 24.2.1
  resolution: "@types/node@npm:24.2.1"
  dependencies:
    undici-types: "npm:~7.10.0"
  checksum: 10c0/439a3c7edf88a298e0c92e46f670234070b892589c3b06e82cc86c47a7e1cf220f4a4b4736ec6ac7e4b9e1c40d7b6d443a1e22f99dd17f13f9dd15de3b32011b
  languageName: node
  linkType: hard

"blakejs@npm:1.2.1":
  version: 1.2.1
  resolution: "blakejs@npm:1.2.1"
  checksum: 10c0/c284557ce55b9c70203f59d381f1b85372ef08ee616a90162174d1291a45d3e5e809fdf9edab6e998740012538515152471dc4f1f9dbfa974ba2b9c1f7b9aad7
  languageName: node
  linkType: hard

"cachedir@npm:^2.4.0":
  version: 2.4.0
  resolution: "cachedir@npm:2.4.0"
  checksum: 10c0/76bff9009f2c446cd3777a4aede99af634a89670a67012b8041f65e951d3d36cefe8940341ea80c72219ee9913fa1f6146824cd9dfe9874a4bded728af7e6d76
  languageName: node
  linkType: hard

"dotenv@npm:^16.4.7":
  version: 16.4.7
  resolution: "dotenv@npm:16.4.7"
  checksum: 10c0/be9f597e36a8daf834452daa1f4cc30e5375a5968f98f46d89b16b983c567398a330580c88395069a77473943c06b877d1ca25b4afafcdd6d4adb549e8293462
  languageName: node
  linkType: hard

"error-stack-parser@npm:^2.0.6":
  version: 2.1.4
  resolution: "error-stack-parser@npm:2.1.4"
  dependencies:
    stackframe: "npm:^1.3.4"
  checksum: 10c0/7679b780043c98b01fc546725484e0cfd3071bf5c906bbe358722972f04abf4fc3f0a77988017665bab367f6ef3fc2d0185f7528f45966b83e7c99c02d5509b9
  languageName: node
  linkType: hard

"js-sha256@npm:^0.9.0":
  version: 0.9.0
  resolution: "js-sha256@npm:0.9.0"
  checksum: 10c0/f20b9245f6ebe666f42ca05536f777301132fb1aa7fbc22f10578fa302717a6cca507344894efdeaf40a011256eb2f7d517b94ac7105bd5cf087fa61551ad634
  languageName: node
  linkType: hard

"libsodium-sumo@npm:^0.7.15":
  version: 0.7.15
  resolution: "libsodium-sumo@npm:0.7.15"
  checksum: 10c0/5a1437ccff03c72669e7b49da702034e171df9ff6a4e65698297ab63ad0bf8f889d3dd51494e29418c643143526d8d7f08cbba3929d220334cddbe3e74a1560e
  languageName: node
  linkType: hard

"libsodium-wrappers-sumo@npm:^0.7.15":
  version: 0.7.15
  resolution: "libsodium-wrappers-sumo@npm:0.7.15"
  dependencies:
    libsodium-sumo: "npm:^0.7.15"
  checksum: 10c0/6da919a13395346d54f2ce4841adda8feb3fbb8a8c378ec5c93b7e6dc6353b379289349e659f3e017a9f1995ef396bf43f89c7ab4aab4e3b5ed85df62407d810
  languageName: node
  linkType: hard

"mina@workspace:.":
  version: 0.0.0-use.local
  resolution: "mina@workspace:."
  dependencies:
    "@types/module-alias": "npm:^2"
    "@types/node": "npm:^24.2.1"
    dotenv: "npm:^16.4.7"
    module-alias: "npm:^2.2.3"
    o1js: "npm:^2.4.0"
    typescript: "npm:^5.8.3"
  languageName: unknown
  linkType: soft

"module-alias@npm:^2.2.3":
  version: 2.2.3
  resolution: "module-alias@npm:2.2.3"
  checksum: 10c0/47dc5b6d04f6e7df0ff330ca9b2a37c688a682ed661e9432b0b327e1e6c43eedad052151b8d50d6beea8b924828d2a92fa4625c18d651bf2d93d8f03aa0172fa
  languageName: node
  linkType: hard

"o1js@npm:^2.4.0":
  version: 2.4.0
  resolution: "o1js@npm:2.4.0"
  dependencies:
    blakejs: "npm:1.2.1"
    cachedir: "npm:^2.4.0"
    js-sha256: "npm:^0.9.0"
    libsodium-wrappers-sumo: "npm:^0.7.15"
    reflect-metadata: "npm:^0.1.13"
    stacktrace-js: "npm:^2.0.2"
    tslib: "npm:^2.3.0"
  bin:
    snarky-run: src/build/run.js
  checksum: 10c0/98b1fdb1e85dca4eea0be1f2933a0c8a0e0a6d197205e79db03a02db7e38c384239b640d9f9a13e7ad42729e77a4080feef566c857b819f9dd2d9f6eeedfbddd
  languageName: node
  linkType: hard

"reflect-metadata@npm:^0.1.13":
  version: 0.1.14
  resolution: "reflect-metadata@npm:0.1.14"
  checksum: 10c0/3a6190c7f6cb224f26a012d11f9e329360c01c1945e2cbefea23976a8bacf9db6b794aeb5bf18adcb673c448a234fbc06fc41853c00a6c206b30f0777ecf019e
  languageName: node
  linkType: hard

"source-map@npm:0.5.6":
  version: 0.5.6
  resolution: "source-map@npm:0.5.6"
  checksum: 10c0/beb2c5974bb58954d75e86249953d47ae16f7df1a8531abb9fcae0cd262d9fa09c2db3a134e20e99358b1adba42b6b054a32c8e16b571b3efcf6af644c329f0d
  languageName: node
  linkType: hard

"stack-generator@npm:^2.0.5":
  version: 2.0.10
  resolution: "stack-generator@npm:2.0.10"
  dependencies:
    stackframe: "npm:^1.3.4"
  checksum: 10c0/c3f6f6c580488e65c0fee806a57f6ae4b79e6435f144be471c1f20328a8d9d8492d4f3beed31840f6dae03e2633325e2764fd3aca5c3126a0639e7c9ddfa45ce
  languageName: node
  linkType: hard

"stackframe@npm:^1.3.4":
  version: 1.3.4
  resolution: "stackframe@npm:1.3.4"
  checksum: 10c0/18410f7a1e0c5d211a4effa83bdbf24adbe8faa8c34db52e1cd3e89837518c592be60b60d8b7270ac53eeeb8b807cd11b399a41667f6c9abb41059c3ccc8a989
  languageName: node
  linkType: hard

"stacktrace-gps@npm:^3.0.4":
  version: 3.1.2
  resolution: "stacktrace-gps@npm:3.1.2"
  dependencies:
    source-map: "npm:0.5.6"
    stackframe: "npm:^1.3.4"
  checksum: 10c0/0dcc1aa46e364a2b4d1eabce4777fecf337576a11ee3cfc92f07b9ec79ccb76810752431eeb9771289d250d0bb58dbe19a178b96bf7b2e9f773334d03aa96bb9
  languageName: node
  linkType: hard

"stacktrace-js@npm:^2.0.2":
  version: 2.0.2
  resolution: "stacktrace-js@npm:2.0.2"
  dependencies:
    error-stack-parser: "npm:^2.0.6"
    stack-generator: "npm:^2.0.5"
    stacktrace-gps: "npm:^3.0.4"
  checksum: 10c0/9a10c222524ca03690bcb27437b39039885223e39320367f2be36e6f750c2d198ae99189869a22c255bf60072631eb609d47e8e33661e95133686904e01121ec
  languageName: node
  linkType: hard

"tslib@npm:^2.3.0":
  version: 2.8.1
  resolution: "tslib@npm:2.8.1"
  checksum: 10c0/9c4759110a19c53f992d9aae23aac5ced636e99887b51b9e61def52611732872ff7668757d4e4c61f19691e36f4da981cd9485e869b4a7408d689f6bf1f14e62
  languageName: node
  linkType: hard

"typescript@npm:^5.8.3":
  version: 5.8.3
  resolution: "typescript@npm:5.8.3"
  bin:
    tsc: bin/tsc
    tsserver: bin/tsserver
  checksum: 10c0/5f8bb01196e542e64d44db3d16ee0e4063ce4f3e3966df6005f2588e86d91c03e1fb131c2581baf0fb65ee79669eea6e161cd448178986587e9f6844446dbb48
  languageName: node
  linkType: hard

"typescript@patch:typescript@npm%3A^5.8.3#optional!builtin<compat/typescript>":
  version: 5.8.3
  resolution: "typescript@patch:typescript@npm%3A5.8.3#optional!builtin<compat/typescript>::version=5.8.3&hash=5786d5"
  bin:
    tsc: bin/tsc
    tsserver: bin/tsserver
  checksum: 10c0/39117e346ff8ebd87ae1510b3a77d5d92dae5a89bde588c747d25da5c146603a99c8ee588c7ef80faaf123d89ed46f6dbd918d534d641083177d5fac38b8a1cb
  languageName: node
  linkType: hard

"undici-types@npm:~7.10.0":
  version: 7.10.0
  resolution: "undici-types@npm:7.10.0"
  checksum: 10c0/8b00ce50e235fe3cc601307f148b5e8fb427092ee3b23e8118ec0a5d7f68eca8cee468c8fc9f15cbb2cf2a3797945ebceb1cbd9732306a1d00e0a9b6afa0f635
  languageName: node
  linkType: hard
